// !$*UTF8*$!
{
	archiveVersion = 1;
	classes = {
	};
	objectVersion = 51;
	objects = {

/* Begin PBXBuildFile section */
		B1F0392EDFFB8B5C7265B218 /* Pods_MapDemo.framework in Frameworks */ = {isa = PBXBuildFile; fileRef = 3DC21921137DE44075C72C33 /* Pods_MapDemo.framework */; };
		CF68445724649B8100979B2B /* FirstViewController.swift in Sources */ = {isa = PBXBuildFile; fileRef = CF68445624649B8100979B2B /* FirstViewController.swift */; };
		CF7C910A244B48330009719A /* MyApiClient.swift in Sources */ = {isa = PBXBuildFile; fileRef = CF7C9109244B48330009719A /* MyApiClient.swift */; };
		CF99D05723DA01C400D59000 /* AppDelegate.swift in Sources */ = {isa = PBXBuildFile; fileRef = CF99D05623DA01C400D59000 /* AppDelegate.swift */; };
		CF99D05923DA01C400D59000 /* SceneDelegate.swift in Sources */ = {isa = PBXBuildFile; fileRef = CF99D05823DA01C400D59000 /* SceneDelegate.swift */; };
		CF99D05B23DA01C400D59000 /* ViewController.swift in Sources */ = {isa = PBXBuildFile; fileRef = CF99D05A23DA01C400D59000 /* ViewController.swift */; };
		CF99D05E23DA01C400D59000 /* Main.storyboard in Resources */ = {isa = PBXBuildFile; fileRef = CF99D05C23DA01C400D59000 /* Main.storyboard */; };
		CF99D06023DA01C500D59000 /* Assets.xcassets in Resources */ = {isa = PBXBuildFile; fileRef = CF99D05F23DA01C500D59000 /* Assets.xcassets */; };
		CF99D06323DA01C500D59000 /* LaunchScreen.storyboard in Resources */ = {isa = PBXBuildFile; fileRef = CF99D06123DA01C500D59000 /* LaunchScreen.storyboard */; };
		CFE9491424A08578004F4C82 /* SubBranchViewController.swift in Sources */ = {isa = PBXBuildFile; fileRef = CFE9491324A08578004F4C82 /* SubBranchViewController.swift */; };
/* End PBXBuildFile section */

/* Begin PBXFileReference section */
		3DC21921137DE44075C72C33 /* Pods_MapDemo.framework */ = {isa = PBXFileReference; explicitFileType = wrapper.framework; includeInIndex = 0; path = Pods_MapDemo.framework; sourceTree = BUILT_PRODUCTS_DIR; };
		8C4AE21C4B3BF97934576EC3 /* Pods-MapDemo.debug.xcconfig */ = {isa = PBXFileReference; includeInIndex = 1; lastKnownFileType = text.xcconfig; name = "Pods-MapDemo.debug.xcconfig"; path = "Target Support Files/Pods-MapDemo/Pods-MapDemo.debug.xcconfig"; sourceTree = "<group>"; };
		CA618EAE482239EBC7BE1D1A /* Pods-MapDemo.release.xcconfig */ = {isa = PBXFileReference; includeInIndex = 1; lastKnownFileType = text.xcconfig; name = "Pods-MapDemo.release.xcconfig"; path = "Target Support Files/Pods-MapDemo/Pods-MapDemo.release.xcconfig"; sourceTree = "<group>"; };
		CF68445624649B8100979B2B /* FirstViewController.swift */ = {isa = PBXFileReference; lastKnownFileType = sourcecode.swift; path = FirstViewController.swift; sourceTree = "<group>"; };
		CF7C9109244B48330009719A /* MyApiClient.swift */ = {isa = PBXFileReference; lastKnownFileType = sourcecode.swift; path = MyApiClient.swift; sourceTree = "<group>"; };
		CF99D05323DA01C400D59000 /* MapDemo.app */ = {isa = PBXFileReference; explicitFileType = wrapper.application; includeInIndex = 0; path = MapDemo.app; sourceTree = BUILT_PRODUCTS_DIR; };
		CF99D05623DA01C400D59000 /* AppDelegate.swift */ = {isa = PBXFileReference; lastKnownFileType = sourcecode.swift; path = AppDelegate.swift; sourceTree = "<group>"; };
		CF99D05823DA01C400D59000 /* SceneDelegate.swift */ = {isa = PBXFileReference; lastKnownFileType = sourcecode.swift; path = SceneDelegate.swift; sourceTree = "<group>"; };
		CF99D05A23DA01C400D59000 /* ViewController.swift */ = {isa = PBXFileReference; lastKnownFileType = sourcecode.swift; path = ViewController.swift; sourceTree = "<group>"; };
		CF99D05D23DA01C400D59000 /* Base */ = {isa = PBXFileReference; lastKnownFileType = file.storyboard; name = Base; path = Base.lproj/Main.storyboard; sourceTree = "<group>"; };
		CF99D05F23DA01C500D59000 /* Assets.xcassets */ = {isa = PBXFileReference; lastKnownFileType = folder.assetcatalog; path = Assets.xcassets; sourceTree = "<group>"; };
		CF99D06223DA01C500D59000 /* Base */ = {isa = PBXFileReference; lastKnownFileType = file.storyboard; name = Base; path = Base.lproj/LaunchScreen.storyboard; sourceTree = "<group>"; };
		CF99D06423DA01C500D59000 /* Info.plist */ = {isa = PBXFileReference; lastKnownFileType = text.plist.xml; path = Info.plist; sourceTree = "<group>"; };
		CFE9491324A08578004F4C82 /* SubBranchViewController.swift */ = {isa = PBXFileReference; lastKnownFileType = sourcecode.swift; path = SubBranchViewController.swift; sourceTree = "<group>"; };
/* End PBXFileReference section */

/* Begin PBXFrameworksBuildPhase section */
		CF99D05023DA01C400D59000 /* Frameworks */ = {
			isa = PBXFrameworksBuildPhase;
			buildActionMask = 2147483647;
			files = (
				B1F0392EDFFB8B5C7265B218 /* Pods_MapDemo.framework in Frameworks */,
			);
			runOnlyForDeploymentPostprocessing = 0;
		};
/* End PBXFrameworksBuildPhase section */

/* Begin PBXGroup section */
		4BBC44F353E25640927D0824 /* Pods */ = {
			isa = PBXGroup;
			children = (
				8C4AE21C4B3BF97934576EC3 /* Pods-MapDemo.debug.xcconfig */,
				CA618EAE482239EBC7BE1D1A /* Pods-MapDemo.release.xcconfig */,
			);
			path = Pods;
			sourceTree = "<group>";
		};
		C58222C04FE2C517C212B60E /* Frameworks */ = {
			isa = PBXGroup;
			children = (
				3DC21921137DE44075C72C33 /* Pods_MapDemo.framework */,
			);
			name = Frameworks;
			sourceTree = "<group>";
		};
		CF2F27AB23DB5C3500B4E151 /* New Group */ = {
			isa = PBXGroup;
			children = (
				CF7C9109244B48330009719A /* MyApiClient.swift */,
				CF68445624649B8100979B2B /* FirstViewController.swift */,
			);
			path = "New Group";
			sourceTree = "<group>";
		};
		CF99D04A23DA01C400D59000 = {
			isa = PBXGroup;
			children = (
				CF99D05523DA01C400D59000 /* MapDemo */,
				CF99D05423DA01C400D59000 /* Products */,
				4BBC44F353E25640927D0824 /* Pods */,
				C58222C04FE2C517C212B60E /* Frameworks */,
			);
			sourceTree = "<group>";
		};
		CF99D05423DA01C400D59000 /* Products */ = {
			isa = PBXGroup;
			children = (
				CF99D05323DA01C400D59000 /* MapDemo.app */,
			);
			name = Products;
			sourceTree = "<group>";
		};
		CF99D05523DA01C400D59000 /* MapDemo */ = {
			isa = PBXGroup;
			children = (
				CFE9491224A0855E004F4C82 /* SubBrach */,
				CF2F27AB23DB5C3500B4E151 /* New Group */,
				CF99D05623DA01C400D59000 /* AppDelegate.swift */,
				CF99D05823DA01C400D59000 /* SceneDelegate.swift */,
				CF99D05A23DA01C400D59000 /* ViewController.swift */,
				CF99D05C23DA01C400D59000 /* Main.storyboard */,
				CF99D05F23DA01C500D59000 /* Assets.xcassets */,
				CF99D06123DA01C500D59000 /* LaunchScreen.storyboard */,
				CF99D06423DA01C500D59000 /* Info.plist */,
			);
			path = MapDemo;
			sourceTree = "<group>";
		};
		CFE9491224A0855E004F4C82 /* SubBrach */ = {
			isa = PBXGroup;
			children = (
				CFE9491324A08578004F4C82 /* SubBranchViewController.swift */,
			);
			path = SubBrach;
			sourceTree = "<group>";
		};
/* End PBXGroup section */

/* Begin PBXNativeTarget section */
		CF99D05223DA01C400D59000 /* MapDemo */ = {
			isa = PBXNativeTarget;
			buildConfigurationList = CF99D06723DA01C500D59000 /* Build configuration list for PBXNativeTarget "MapDemo" */;
			buildPhases = (
				61B1C569A754A59CF3BBBDAB /* [CP] Check Pods Manifest.lock */,
				CF99D04F23DA01C400D59000 /* Sources */,
				CF99D05023DA01C400D59000 /* Frameworks */,
				CF99D05123DA01C400D59000 /* Resources */,
				DEB97C36299D92A90EF56FB8 /* [CP] Copy Pods Resources */,
				B909C7A89497768923F7C190 /* [CP] Embed Pods Frameworks */,
			);
			buildRules = (
			);
			dependencies = (
			);
			name = MapDemo;
			productName = MapDemo;
			productReference = CF99D05323DA01C400D59000 /* MapDemo.app */;
			productType = "com.apple.product-type.application";
		};
/* End PBXNativeTarget section */

/* Begin PBXProject section */
		CF99D04B23DA01C400D59000 /* Project object */ = {
			isa = PBXProject;
			attributes = {
				LastSwiftUpdateCheck = 1130;
				LastUpgradeCheck = 1130;
				ORGANIZATIONNAME = "SAT PAL";
				TargetAttributes = {
					CF99D05223DA01C400D59000 = {
						CreatedOnToolsVersion = 11.3.1;
					};
				};
			};
			buildConfigurationList = CF99D04E23DA01C400D59000 /* Build configuration list for PBXProject "MapDemo" */;
			compatibilityVersion = "Xcode 9.3";
			developmentRegion = en;
			hasScannedForEncodings = 0;
			knownRegions = (
				en,
				Base,
			);
			mainGroup = CF99D04A23DA01C400D59000;
			productRefGroup = CF99D05423DA01C400D59000 /* Products */;
			projectDirPath = "";
			projectRoot = "";
			targets = (
				CF99D05223DA01C400D59000 /* MapDemo */,
			);
		};
/* End PBXProject section */

/* Begin PBXResourcesBuildPhase section */
		CF99D05123DA01C400D59000 /* Resources */ = {
			isa = PBXResourcesBuildPhase;
			buildActionMask = 2147483647;
			files = (
				CF99D06323DA01C500D59000 /* LaunchScreen.storyboard in Resources */,
				CF99D06023DA01C500D59000 /* Assets.xcassets in Resources */,
				CF99D05E23DA01C400D59000 /* Main.storyboard in Resources */,
			);
			runOnlyForDeploymentPostprocessing = 0;
		};
/* End PBXResourcesBuildPhase section */

/* Begin PBXShellScriptBuildPhase section */
		61B1C569A754A59CF3BBBDAB /* [CP] Check Pods Manifest.lock */ = {
			isa = PBXShellScriptBuildPhase;
			buildActionMask = 2147483647;
			files = (
			);
			inputFileListPaths = (
			);
			inputPaths = (
				"${PODS_PODFILE_DIR_PATH}/Podfile.lock",
				"${PODS_ROOT}/Manifest.lock",
			);
			name = "[CP] Check Pods Manifest.lock";
			outputFileListPaths = (
			);
			outputPaths = (
				"$(DERIVED_FILE_DIR)/Pods-MapDemo-checkManifestLockResult.txt",
			);
			runOnlyForDeploymentPostprocessing = 0;
			shellPath = /bin/sh;
			shellScript = "diff \"${PODS_PODFILE_DIR_PATH}/Podfile.lock\" \"${PODS_ROOT}/Manifest.lock\" > /dev/null\nif [ $? != 0 ] ; then\n    # print error to STDERR\n    echo \"error: The sandbox is not in sync with the Podfile.lock. Run 'pod install' or update your CocoaPods installation.\" >&2\n    exit 1\nfi\n# This output is used by Xcode 'outputs' to avoid re-running this script phase.\necho \"SUCCESS\" > \"${SCRIPT_OUTPUT_FILE_0}\"\n";
			showEnvVarsInLog = 0;
		};
		B909C7A89497768923F7C190 /* [CP] Embed Pods Frameworks */ = {
			isa = PBXShellScriptBuildPhase;
			buildActionMask = 2147483647;
			files = (
			);
			inputFileListPaths = (
				"${PODS_ROOT}/Target Support Files/Pods-MapDemo/Pods-MapDemo-frameworks-${CONFIGURATION}-input-files.xcfilelist",
			);
			name = "[CP] Embed Pods Frameworks";
			outputFileListPaths = (
				"${PODS_ROOT}/Target Support Files/Pods-MapDemo/Pods-MapDemo-frameworks-${CONFIGURATION}-output-files.xcfilelist",
			);
			runOnlyForDeploymentPostprocessing = 0;
			shellPath = /bin/sh;
			shellScript = "\"${PODS_ROOT}/Target Support Files/Pods-MapDemo/Pods-MapDemo-frameworks.sh\"\n";
			showEnvVarsInLog = 0;
		};
		DEB97C36299D92A90EF56FB8 /* [CP] Copy Pods Resources */ = {
			isa = PBXShellScriptBuildPhase;
			buildActionMask = 2147483647;
			files = (
			);
			inputFileListPaths = (
				"${PODS_ROOT}/Target Support Files/Pods-MapDemo/Pods-MapDemo-resources-${CONFIGURATION}-input-files.xcfilelist",
			);
			name = "[CP] Copy Pods Resources";
			outputFileListPaths = (
				"${PODS_ROOT}/Target Support Files/Pods-MapDemo/Pods-MapDemo-resources-${CONFIGURATION}-output-files.xcfilelist",
			);
			runOnlyForDeploymentPostprocessing = 0;
			shellPath = /bin/sh;
			shellScript = "\"${PODS_ROOT}/Target Support Files/Pods-MapDemo/Pods-MapDemo-resources.sh\"\n";
			showEnvVarsInLog = 0;
		};
/* End PBXShellScriptBuildPhase section */

/* Begin PBXSourcesBuildPhase section */
		CF99D04F23DA01C400D59000 /* Sources */ = {
			isa = PBXSourcesBuildPhase;
			buildActionMask = 2147483647;
			files = (
				CF68445724649B8100979B2B /* FirstViewController.swift in Sources */,
				CFE9491424A08578004F4C82 /* SubBranchViewController.swift in Sources */,
				CF7C910A244B48330009719A /* MyApiClient.swift in Sources */,
				CF99D05B23DA01C400D59000 /* ViewController.swift in Sources */,
				CF99D05723DA01C400D59000 /* AppDelegate.swift in Sources */,
				CF99D05923DA01C400D59000 /* SceneDelegate.swift in Sources */,
			);
			runOnlyForDeploymentPostprocessing = 0;
		};
/* End PBXSourcesBuildPhase section */

/* Begin PBXVariantGroup section */
		CF99D05C23DA01C400D59000 /* Main.storyboard */ = {
			isa = PBXVariantGroup;
			children = (
				CF99D05D23DA01C400D59000 /* Base */,
			);
			name = Main.storyboard;
			sourceTree = "<group>";
		};
		CF99D06123DA01C500D59000 /* LaunchScreen.storyboard */ = {
			isa = PBXVariantGroup;
			children = (
				CF99D06223DA01C500D59000 /* Base */,
			);
			name = LaunchScreen.storyboard;
			sourceTree = "<group>";
		};
/* End PBXVariantGroup section */

/* Begin XCBuildConfiguration section */
		CF99D06523DA01C500D59000 /* Debug */ = {
			isa = XCBuildConfiguration;
			buildSettings = {
				ALWAYS_SEARCH_USER_PATHS = NO;
				CLANG_ANALYZER_NONNULL = YES;
				CLANG_ANALYZER_NUMBER_OBJECT_CONVERSION = YES_AGGRESSIVE;
				CLANG_CXX_LANGUAGE_STANDARD = "gnu++14";
				CLANG_CXX_LIBRARY = "libc++";
				CLANG_ENABLE_MODULES = YES;
				CLANG_ENABLE_OBJC_ARC = YES;
				CLANG_ENABLE_OBJC_WEAK = YES;
				CLANG_WARN_BLOCK_CAPTURE_AUTORELEASING = YES;
				CLANG_WARN_BOOL_CONVERSION = YES;
				CLANG_WARN_COMMA = YES;
				CLANG_WARN_CONSTANT_CONVERSION = YES;
				CLANG_WARN_DEPRECATED_OBJC_IMPLEMENTATIONS = YES;
				CLANG_WARN_DIRECT_OBJC_ISA_USAGE = YES_ERROR;
				CLANG_WARN_DOCUMENTATION_COMMENTS = YES;
				CLANG_WARN_EMPTY_BODY = YES;
				CLANG_WARN_ENUM_CONVERSION = YES;
				CLANG_WARN_INFINITE_RECURSION = YES;
				CLANG_WARN_INT_CONVERSION = YES;
				CLANG_WARN_NON_LITERAL_NULL_CONVERSION = YES;
				CLANG_WARN_OBJC_IMPLICIT_RETAIN_SELF = YES;
				CLANG_WARN_OBJC_LITERAL_CONVERSION = YES;
				CLANG_WARN_OBJC_ROOT_CLASS = YES_ERROR;
				CLANG_WARN_RANGE_LOOP_ANALYSIS = YES;
				CLANG_WARN_STRICT_PROTOTYPES = YES;
				CLANG_WARN_SUSPICIOUS_MOVE = YES;
				CLANG_WARN_UNGUARDED_AVAILABILITY = YES_AGGRESSIVE;
				CLANG_WARN_UNREACHABLE_CODE = YES;
				CLANG_WARN__DUPLICATE_METHOD_MATCH = YES;
				COPY_PHASE_STRIP = NO;
				DEBUG_INFORMATION_FORMAT = dwarf;
				ENABLE_STRICT_OBJC_MSGSEND = YES;
				ENABLE_TESTABILITY = YES;
				GCC_C_LANGUAGE_STANDARD = gnu11;
				GCC_DYNAMIC_NO_PIC = NO;
				GCC_NO_COMMON_BLOCKS = YES;
				GCC_OPTIMIZATION_LEVEL = 0;
				GCC_PREPROCESSOR_DEFINITIONS = (
					"DEBUG=1",
					"$(inherited)",
				);
				GCC_WARN_64_TO_32_BIT_CONVERSION = YES;
				GCC_WARN_ABOUT_RETURN_TYPE = YES_ERROR;
				GCC_WARN_UNDECLARED_SELECTOR = YES;
				GCC_WARN_UNINITIALIZED_AUTOS = YES_AGGRESSIVE;
				GCC_WARN_UNUSED_FUNCTION = YES;
				GCC_WARN_UNUSED_VARIABLE = YES;
				IPHONEOS_DEPLOYMENT_TARGET = 13.2;
				MTL_ENABLE_DEBUG_INFO = INCLUDE_SOURCE;
				MTL_FAST_MATH = YES;
				ONLY_ACTIVE_ARCH = YES;
				SDKROOT = iphoneos;
				SWIFT_ACTIVE_COMPILATION_CONDITIONS = DEBUG;
				SWIFT_OPTIMIZATION_LEVEL = "-Onone";
			};
			name = Debug;
		};
		CF99D06623DA01C500D59000 /* Release */ = {
			isa = XCBuildConfiguration;
			buildSettings = {
				ALWAYS_SEARCH_USER_PATHS = NO;
				CLANG_ANALYZER_NONNULL = YES;
				CLANG_ANALYZER_NUMBER_OBJECT_CONVERSION = YES_AGGRESSIVE;
				CLANG_CXX_LANGUAGE_STANDARD = "gnu++14";
				CLANG_CXX_LIBRARY = "libc++";
				CLANG_ENABLE_MODULES = YES;
				CLANG_ENABLE_OBJC_ARC = YES;
				CLANG_ENABLE_OBJC_WEAK = YES;
				CLANG_WARN_BLOCK_CAPTURE_AUTORELEASING = YES;
				CLANG_WARN_BOOL_CONVERSION = YES;
				CLANG_WARN_COMMA = YES;
				CLANG_WARN_CONSTANT_CONVERSION = YES;
				CLANG_WARN_DEPRECATED_OBJC_IMPLEMENTATIONS = YES;
				CLANG_WARN_DIRECT_OBJC_ISA_USAGE = YES_ERROR;
				CLANG_WARN_DOCUMENTATION_COMMENTS = YES;
				CLANG_WARN_EMPTY_BODY = YES;
				CLANG_WARN_ENUM_CONVERSION = YES;
				CLANG_WARN_INFINITE_RECURSION = YES;
				CLANG_WARN_INT_CONVERSION = YES;
				CLANG_WARN_NON_LITERAL_NULL_CONVERSION = YES;
				CLANG_WARN_OBJC_IMPLICIT_RETAIN_SELF = YES;
				CLANG_WARN_OBJC_LITERAL_CONVERSION = YES;
				CLANG_WARN_OBJC_ROOT_CLASS = YES_ERROR;
				CLANG_WARN_RANGE_LOOP_ANALYSIS = YES;
				CLANG_WARN_STRICT_PROTOTYPES = YES;
				CLANG_WARN_SUSPICIOUS_MOVE = YES;
				CLANG_WARN_UNGUARDED_AVAILABILITY = YES_AGGRESSIVE;
				CLANG_WARN_UNREACHABLE_CODE = YES;
				CLANG_WARN__DUPLICATE_METHOD_MATCH = YES;
				COPY_PHASE_STRIP = NO;
				DEBUG_INFORMATION_FORMAT = "dwarf-with-dsym";
				ENABLE_NS_ASSERTIONS = NO;
				ENABLE_STRICT_OBJC_MSGSEND = YES;
				GCC_C_LANGUAGE_STANDARD = gnu11;
				GCC_NO_COMMON_BLOCKS = YES;
				GCC_WARN_64_TO_32_BIT_CONVERSION = YES;
				GCC_WARN_ABOUT_RETURN_TYPE = YES_ERROR;
				GCC_WARN_UNDECLARED_SELECTOR = YES;
				GCC_WARN_UNINITIALIZED_AUTOS = YES_AGGRESSIVE;
				GCC_WARN_UNUSED_FUNCTION = YES;
				GCC_WARN_UNUSED_VARIABLE = YES;
				IPHONEOS_DEPLOYMENT_TARGET = 13.2;
				MTL_ENABLE_DEBUG_INFO = NO;
				MTL_FAST_MATH = YES;
				SDKROOT = iphoneos;
				SWIFT_COMPILATION_MODE = wholemodule;
				SWIFT_OPTIMIZATION_LEVEL = "-O";
				VALIDATE_PRODUCT = YES;
			};
			name = Release;
		};
		CF99D06823DA01C500D59000 /* Debug */ = {
			isa = XCBuildConfiguration;
			baseConfigurationReference = 8C4AE21C4B3BF97934576EC3 /* Pods-MapDemo.debug.xcconfig */;
			buildSettings = {
				ASSETCATALOG_COMPILER_APPICON_NAME = AppIcon;
				CODE_SIGN_STYLE = Automatic;
				INFOPLIST_FILE = MapDemo/Info.plist;
				LD_RUNPATH_SEARCH_PATHS = (
					"$(inherited)",
					"@executable_path/Frameworks",
				);
				PRODUCT_BUNDLE_IDENTIFIER = test.MapDemo;
				PRODUCT_NAME = "$(TARGET_NAME)";
				SWIFT_VERSION = 5.0;
				TARGETED_DEVICE_FAMILY = 1;
			};
			name = Debug;
		};
		CF99D06923DA01C500D59000 /* Release */ = {
			isa = XCBuildConfiguration;
			baseConfigurationReference = CA618EAE482239EBC7BE1D1A /* Pods-MapDemo.release.xcconfig */;
			buildSettings = {
				ASSETCATALOG_COMPILER_APPICON_NAME = AppIcon;
				CODE_SIGN_STYLE = Automatic;
				INFOPLIST_FILE = MapDemo/Info.plist;
				LD_RUNPATH_SEARCH_PATHS = (
					"$(inherited)",
					"@executable_path/Frameworks",
				);
				PRODUCT_BUNDLE_IDENTIFIER = test.MapDemo;
				PRODUCT_NAME = "$(TARGET_NAME)";
				SWIFT_VERSION = 5.0;
				TARGETED_DEVICE_FAMILY = 1;
			};
			name = Release;
		};
/* End XCBuildConfiguration section */

/* Begin XCConfigurationList section */
		CF99D04E23DA01C400D59000 /* Build configuration list for PBXProject "MapDemo" */ = {
			isa = XCConfigurationList;
			buildConfigurations = (
				CF99D06523DA01C500D59000 /* Debug */,
				CF99D06623DA01C500D59000 /* Release */,
			);
			defaultConfigurationIsVisible = 0;
			defaultConfigurationName = Release;
		};
		CF99D06723DA01C500D59000 /* Build configuration list for PBXNativeTarget "MapDemo" */ = {
			isa = XCConfigurationList;
			buildConfigurations = (
				CF99D06823DA01C500D59000 /* Debug */,
				CF99D06923DA01C500D59000 /* Release */,
			);
			defaultConfigurationIsVisible = 0;
			defaultConfigurationName = Release;
		};
/* End XCConfigurationList section */
	};
	rootObject = CF99D04B23DA01C400D59000 /* Project object */;
}
